
Microsoft Visual Studio Solution File, Format Version 12.00
# Visual Studio Version 17
VisualStudioVersion = 17.9.34701.34
MinimumVisualStudioVersion = 10.0.40219.1
Project("{FAE04EC0-301F-11D3-BF4B-00C04F79EFBC}") = "ProjektPodejscie2.Server", "ProjektPodejscie2.Server\ProjektPodejscie2.Server.csproj", "{F101A78D-CF44-4C50-83C8-7C64A0857EAD}"
EndProject
Project("{54A90642-561A-4BB1-A94E-469ADEE60C69}") = "projektpodejscie2.client", "projektpodejscie2.client\projektpodejscie2.client.esproj", "{68961983-E2A4-40B8-A620-F231E4396199}"
EndProject
Global
	GlobalSection(SolutionConfigurationPlatforms) = preSolution
		Debug|Any CPU = Debug|Any CPU
		Release|Any CPU = Release|Any CPU
	EndGlobalSection
	GlobalSection(ProjectConfigurationPlatforms) = postSolution
		{F101A78D-CF44-4C50-83C8-7C64A0857EAD}.Debug|Any CPU.ActiveCfg = Debug|Any CPU
		{F101A78D-CF44-4C50-83C8-7C64A0857EAD}.Debug|Any CPU.Build.0 = Debug|Any CPU
		{F101A78D-CF44-4C50-83C8-7C64A0857EAD}.Release|Any CPU.ActiveCfg = Release|Any CPU
		{F101A78D-CF44-4C50-83C8-7C64A0857EAD}.Release|Any CPU.Build.0 = Release|Any CPU
		{68961983-E2A4-40B8-A620-F231E4396199}.Debug|Any CPU.ActiveCfg = Debug|Any CPU
		{68961983-E2A4-40B8-A620-F231E4396199}.Debug|Any CPU.Build.0 = Debug|Any CPU
		{68961983-E2A4-40B8-A620-F231E4396199}.Debug|Any CPU.Deploy.0 = Debug|Any CPU
		{68961983-E2A4-40B8-A620-F231E4396199}.Release|Any CPU.ActiveCfg = Release|Any CPU
		{68961983-E2A4-40B8-A620-F231E4396199}.Release|Any CPU.Build.0 = Release|Any CPU
		{68961983-E2A4-40B8-A620-F231E4396199}.Release|Any CPU.Deploy.0 = Release|Any CPU
	EndGlobalSection
	GlobalSection(SolutionProperties) = preSolution
		HideSolutionNode = FALSE
	EndGlobalSection
	GlobalSection(ExtensibilityGlobals) = postSolution
		SolutionGuid = {B5344850-DACC-4FA9-B673-D10882E7E683}
	EndGlobalSection
EndGlobal
